Microsoft Visual Studio Solution File, Format Version 10.00
# Visual Studio 2008
Project("{FAE04EC0-301F-11D3-BF4B-00C04F79EFBC}") = "OpenNETCF", "OpenNETCF\OpenNETCF.csproj", "{EEE28D3C-9C36-4968-8AD1-0DE97C42B6B6}"
EndProject
Project("{FAE04EC0-301F-11D3-BF4B-00C04F79EFBC}") = "OpenNETCF.Data", "OpenNETCF.Data\OpenNETCF.Data.csproj", "{C889D4C5-C4AA-4F22-9EB7-3A7147592CAB}"
EndProject
Project("{FAE04EC0-301F-11D3-BF4B-00C04F79EFBC}") = "OpenNETCF.Drawing", "OpenNETCF.Drawing\OpenNETCF.Drawing.csproj", "{FA15C437-D0AA-4C99-A1F2-5581CAB8F7B8}"
EndProject
Project("{FAE04EC0-301F-11D3-BF4B-00C04F79EFBC}") = "OpenNETCF.Net", "OpenNETCF.Net\OpenNETCF.Net.csproj", "{39DC4301-E4CC-4C4E-9579-336E2B993F51}"
EndProject
Project("{FAE04EC0-301F-11D3-BF4B-00C04F79EFBC}") = "OpenNETCF.Phone", "OpenNETCF.Phone\OpenNETCF.Phone.csproj", "{21C7E7FA-CB04-4348-9265-F5AFCD120A38}"
EndProject
Project("{FAE04EC0-301F-11D3-BF4B-00C04F79EFBC}") = "OpenNETCF.Web.Services2", "OpenNETCF.Web.Services2\OpenNETCF.Web.Services2.csproj", "{EA93E97B-FC64-420A-A1D4-93817F50D9A6}"
EndProject
Project("{FAE04EC0-301F-11D3-BF4B-00C04F79EFBC}") = "OpenNETCF.Windows.Forms", "OpenNETCF.Windows.Forms\OpenNETCF.Windows.Forms.csproj", "{EB28E2E6-CE24-4D4A-8F38-C892D09783C2}"
EndProject
Project("{FAE04EC0-301F-11D3-BF4B-00C04F79EFBC}") = "OpenNETCF.WindowsCE.Forms", "OpenNETCF.WindowsCE.Forms\OpenNETCF.WindowsCE.Forms.csproj", "{FE029498-9EB8-442D-BE7F-037E9DDAEA2F}"
EndProject
Project("{FAE04EC0-301F-11D3-BF4B-00C04F79EFBC}") = "OpenNETCF.Xml", "OpenNETCF.Xml\OpenNETCF.Xml.csproj", "{A2CE9707-8418-474E-AF3D-4DD7F5EC03E3}"
EndProject
Global
	GlobalSection(SolutionConfigurationPlatforms) = preSolution
		Debug|Any CPU = Debug|Any CPU
		NDoc|Any CPU = NDoc|Any CPU
		Release|Any CPU = Release|Any CPU
	EndGlobalSection
	GlobalSection(ProjectConfigurationPlatforms) = postSolution
		{EEE28D3C-9C36-4968-8AD1-0DE97C42B6B6}.Debug|Any CPU.ActiveCfg = Debug|Any CPU
		{EEE28D3C-9C36-4968-8AD1-0DE97C42B6B6}.Debug|Any CPU.Build.0 = Debug|Any CPU
		{EEE28D3C-9C36-4968-8AD1-0DE97C42B6B6}.Debug|Any CPU.Deploy.0 = Debug|Any CPU
		{EEE28D3C-9C36-4968-8AD1-0DE97C42B6B6}.NDoc|Any CPU.ActiveCfg = NDoc|Any CPU
		{EEE28D3C-9C36-4968-8AD1-0DE97C42B6B6}.NDoc|Any CPU.Build.0 = NDoc|Any CPU
		{EEE28D3C-9C36-4968-8AD1-0DE97C42B6B6}.NDoc|Any CPU.Deploy.0 = NDoc|Any CPU
		{EEE28D3C-9C36-4968-8AD1-0DE97C42B6B6}.Release|Any CPU.ActiveCfg = Release|Any CPU
		{EEE28D3C-9C36-4968-8AD1-0DE97C42B6B6}.Release|Any CPU.Build.0 = Release|Any CPU
		{EEE28D3C-9C36-4968-8AD1-0DE97C42B6B6}.Release|Any CPU.Deploy.0 = Release|Any CPU
		{C889D4C5-C4AA-4F22-9EB7-3A7147592CAB}.Debug|Any CPU.ActiveCfg = Debug|Any CPU
		{C889D4C5-C4AA-4F22-9EB7-3A7147592CAB}.Debug|Any CPU.Build.0 = Debug|Any CPU
		{C889D4C5-C4AA-4F22-9EB7-3A7147592CAB}.Debug|Any CPU.Deploy.0 = Debug|Any CPU
		{C889D4C5-C4AA-4F22-9EB7-3A7147592CAB}.NDoc|Any CPU.ActiveCfg = Release|Any CPU
		{C889D4C5-C4AA-4F22-9EB7-3A7147592CAB}.NDoc|Any CPU.Build.0 = Release|Any CPU
		{C889D4C5-C4AA-4F22-9EB7-3A7147592CAB}.NDoc|Any CPU.Deploy.0 = Release|Any CPU
		{C889D4C5-C4AA-4F22-9EB7-3A7147592CAB}.Release|Any CPU.ActiveCfg = Release|Any CPU
		{C889D4C5-C4AA-4F22-9EB7-3A7147592CAB}.Release|Any CPU.Build.0 = Release|Any CPU
		{C889D4C5-C4AA-4F22-9EB7-3A7147592CAB}.Release|Any CPU.Deploy.0 = Release|Any CPU
		{FA15C437-D0AA-4C99-A1F2-5581CAB8F7B8}.Debug|Any CPU.ActiveCfg = Debug|Any CPU
		{FA15C437-D0AA-4C99-A1F2-5581CAB8F7B8}.Debug|Any CPU.Build.0 = Debug|Any CPU
		{FA15C437-D0AA-4C99-A1F2-5581CAB8F7B8}.Debug|Any CPU.Deploy.0 = Debug|Any CPU
		{FA15C437-D0AA-4C99-A1F2-5581CAB8F7B8}.NDoc|Any CPU.ActiveCfg = Release|Any CPU
		{FA15C437-D0AA-4C99-A1F2-5581CAB8F7B8}.NDoc|Any CPU.Build.0 = Release|Any CPU
		{FA15C437-D0AA-4C99-A1F2-5581CAB8F7B8}.NDoc|Any CPU.Deploy.0 = Release|Any CPU
		{FA15C437-D0AA-4C99-A1F2-5581CAB8F7B8}.Release|Any CPU.ActiveCfg = Release|Any CPU
		{FA15C437-D0AA-4C99-A1F2-5581CAB8F7B8}.Release|Any CPU.Build.0 = Release|Any CPU
		{FA15C437-D0AA-4C99-A1F2-5581CAB8F7B8}.Release|Any CPU.Deploy.0 = Release|Any CPU
		{39DC4301-E4CC-4C4E-9579-336E2B993F51}.Debug|Any CPU.ActiveCfg = Debug|Any CPU
		{39DC4301-E4CC-4C4E-9579-336E2B993F51}.Debug|Any CPU.Build.0 = Debug|Any CPU
		{39DC4301-E4CC-4C4E-9579-336E2B993F51}.Debug|Any CPU.Deploy.0 = Debug|Any CPU
		{39DC4301-E4CC-4C4E-9579-336E2B993F51}.NDoc|Any CPU.ActiveCfg = NDoc|Any CPU
		{39DC4301-E4CC-4C4E-9579-336E2B993F51}.NDoc|Any CPU.Build.0 = NDoc|Any CPU
		{39DC4301-E4CC-4C4E-9579-336E2B993F51}.NDoc|Any CPU.Deploy.0 = NDoc|Any CPU
		{39DC4301-E4CC-4C4E-9579-336E2B993F51}.Release|Any CPU.ActiveCfg = Release|Any CPU
		{39DC4301-E4CC-4C4E-9579-336E2B993F51}.Release|Any CPU.Build.0 = Release|Any CPU
		{39DC4301-E4CC-4C4E-9579-336E2B993F51}.Release|Any CPU.Deploy.0 = Release|Any CPU
		{21C7E7FA-CB04-4348-9265-F5AFCD120A38}.Debug|Any CPU.ActiveCfg = Debug|Any CPU
		{21C7E7FA-CB04-4348-9265-F5AFCD120A38}.Debug|Any CPU.Build.0 = Debug|Any CPU
		{21C7E7FA-CB04-4348-9265-F5AFCD120A38}.Debug|Any CPU.Deploy.0 = Debug|Any CPU
		{21C7E7FA-CB04-4348-9265-F5AFCD120A38}.NDoc|Any CPU.ActiveCfg = Release|Any CPU
		{21C7E7FA-CB04-4348-9265-F5AFCD120A38}.NDoc|Any CPU.Build.0 = Release|Any CPU
		{21C7E7FA-CB04-4348-9265-F5AFCD120A38}.NDoc|Any CPU.Deploy.0 = Release|Any CPU
		{21C7E7FA-CB04-4348-9265-F5AFCD120A38}.Release|Any CPU.ActiveCfg = Release|Any CPU
		{21C7E7FA-CB04-4348-9265-F5AFCD120A38}.Release|Any CPU.Build.0 = Release|Any CPU
		{21C7E7FA-CB04-4348-9265-F5AFCD120A38}.Release|Any CPU.Deploy.0 = Release|Any CPU
		{EA93E97B-FC64-420A-A1D4-93817F50D9A6}.Debug|Any CPU.ActiveCfg = Debug|Any CPU
		{EA93E97B-FC64-420A-A1D4-93817F50D9A6}.Debug|Any CPU.Build.0 = Debug|Any CPU
		{EA93E97B-FC64-420A-A1D4-93817F50D9A6}.Debug|Any CPU.Deploy.0 = Debug|Any CPU
		{EA93E97B-FC64-420A-A1D4-93817F50D9A6}.NDoc|Any CPU.ActiveCfg = Release|Any CPU
		{EA93E97B-FC64-420A-A1D4-93817F50D9A6}.NDoc|Any CPU.Build.0 = Release|Any CPU
		{EA93E97B-FC64-420A-A1D4-93817F50D9A6}.NDoc|Any CPU.Deploy.0 = Release|Any CPU
		{EA93E97B-FC64-420A-A1D4-93817F50D9A6}.Release|Any CPU.ActiveCfg = Release|Any CPU
		{EA93E97B-FC64-420A-A1D4-93817F50D9A6}.Release|Any CPU.Build.0 = Release|Any CPU
		{EA93E97B-FC64-420A-A1D4-93817F50D9A6}.Release|Any CPU.Deploy.0 = Release|Any CPU
		{EB28E2E6-CE24-4D4A-8F38-C892D09783C2}.Debug|Any CPU.ActiveCfg = Debug|Any CPU
		{EB28E2E6-CE24-4D4A-8F38-C892D09783C2}.Debug|Any CPU.Build.0 = Debug|Any CPU
		{EB28E2E6-CE24-4D4A-8F38-C892D09783C2}.Debug|Any CPU.Deploy.0 = Debug|Any CPU
		{EB28E2E6-CE24-4D4A-8F38-C892D09783C2}.NDoc|Any CPU.ActiveCfg = NDoc|Any CPU
		{EB28E2E6-CE24-4D4A-8F38-C892D09783C2}.NDoc|Any CPU.Build.0 = NDoc|Any CPU
		{EB28E2E6-CE24-4D4A-8F38-C892D09783C2}.NDoc|Any CPU.Deploy.0 = NDoc|Any CPU
		{EB28E2E6-CE24-4D4A-8F38-C892D09783C2}.Release|Any CPU.ActiveCfg = Release|Any CPU
		{EB28E2E6-CE24-4D4A-8F38-C892D09783C2}.Release|Any CPU.Build.0 = Release|Any CPU
		{EB28E2E6-CE24-4D4A-8F38-C892D09783C2}.Release|Any CPU.Deploy.0 = Release|Any CPU
		{FE029498-9EB8-442D-BE7F-037E9DDAEA2F}.Debug|Any CPU.ActiveCfg = Debug|Any CPU
		{FE029498-9EB8-442D-BE7F-037E9DDAEA2F}.Debug|Any CPU.Build.0 = Debug|Any CPU
		{FE029498-9EB8-442D-BE7F-037E9DDAEA2F}.Debug|Any CPU.Deploy.0 = Debug|Any CPU
		{FE029498-9EB8-442D-BE7F-037E9DDAEA2F}.NDoc|Any CPU.ActiveCfg = NDoc|Any CPU
		{FE029498-9EB8-442D-BE7F-037E9DDAEA2F}.NDoc|Any CPU.Build.0 = NDoc|Any CPU
		{FE029498-9EB8-442D-BE7F-037E9DDAEA2F}.NDoc|Any CPU.Deploy.0 = NDoc|Any CPU
		{FE029498-9EB8-442D-BE7F-037E9DDAEA2F}.Release|Any CPU.ActiveCfg = Release|Any CPU
		{FE029498-9EB8-442D-BE7F-037E9DDAEA2F}.Release|Any CPU.Build.0 = Release|Any CPU
		{FE029498-9EB8-442D-BE7F-037E9DDAEA2F}.Release|Any CPU.Deploy.0 = Release|Any CPU
		{A2CE9707-8418-474E-AF3D-4DD7F5EC03E3}.Debug|Any CPU.ActiveCfg = Debug|Any CPU
		{A2CE9707-8418-474E-AF3D-4DD7F5EC03E3}.Debug|Any CPU.Build.0 = Debug|Any CPU
		{A2CE9707-8418-474E-AF3D-4DD7F5EC03E3}.Debug|Any CPU.Deploy.0 = Debug|Any CPU
		{A2CE9707-8418-474E-AF3D-4DD7F5EC03E3}.NDoc|Any CPU.ActiveCfg = Release|Any CPU
		{A2CE9707-8418-474E-AF3D-4DD7F5EC03E3}.NDoc|Any CPU.Build.0 = Release|Any CPU
		{A2CE9707-8418-474E-AF3D-4DD7F5EC03E3}.NDoc|Any CPU.Deploy.0 = Release|Any CPU
		{A2CE9707-8418-474E-AF3D-4DD7F5EC03E3}.Release|Any CPU.ActiveCfg = Release|Any CPU
		{A2CE9707-8418-474E-AF3D-4DD7F5EC03E3}.Release|Any CPU.Build.0 = Release|Any CPU
		{A2CE9707-8418-474E-AF3D-4DD7F5EC03E3}.Release|Any CPU.Deploy.0 = Release|Any CPU
	EndGlobalSection
	GlobalSection(SolutionProperties) = preSolution
		HideSolutionNode = FALSE
	EndGlobalSection
EndGlobal
