
Microsoft Visual Studio Solution File, Format Version 10.00
# Visual Studio 2008
Project("{FAE04EC0-301F-11D3-BF4B-00C04F79EFBC}") = "GPSProxy.SerialPort", "GPSProxy.SerialPort\GPSProxy.SerialPort.csproj", "{F08A3AC8-758D-40D7-81EC-6530D01BDB6F}"
EndProject
Project("{FAE04EC0-301F-11D3-BF4B-00C04F79EFBC}") = "GPSProxyPC", "GPSProxyPC\GPSProxyPC.csproj", "{61200F34-3B6C-4BEF-837C-3C7462149C21}"
EndProject
Global
	GlobalSection(SolutionConfigurationPlatforms) = preSolution
		Debug|Any CPU = Debug|Any CPU
		Release|Any CPU = Release|Any CPU
	EndGlobalSection
	GlobalSection(ProjectConfigurationPlatforms) = postSolution
		{F08A3AC8-758D-40D7-81EC-6530D01BDB6F}.Debug|Any CPU.ActiveCfg = Debug|Any CPU
		{F08A3AC8-758D-40D7-81EC-6530D01BDB6F}.Debug|Any CPU.Build.0 = Debug|Any CPU
		{F08A3AC8-758D-40D7-81EC-6530D01BDB6F}.Release|Any CPU.ActiveCfg = Release|Any CPU
		{F08A3AC8-758D-40D7-81EC-6530D01BDB6F}.Release|Any CPU.Build.0 = Release|Any CPU
		{61200F34-3B6C-4BEF-837C-3C7462149C21}.Debug|Any CPU.ActiveCfg = Debug|Any CPU
		{61200F34-3B6C-4BEF-837C-3C7462149C21}.Debug|Any CPU.Build.0 = Debug|Any CPU
		{61200F34-3B6C-4BEF-837C-3C7462149C21}.Release|Any CPU.ActiveCfg = Release|Any CPU
		{61200F34-3B6C-4BEF-837C-3C7462149C21}.Release|Any CPU.Build.0 = Release|Any CPU
	EndGlobalSection
	GlobalSection(SolutionProperties) = preSolution
		HideSolutionNode = FALSE
	EndGlobalSection
EndGlobal
